
Microsoft Visual Studio Solution File, Format Version 12.00
# Visual Studio 15
VisualStudioVersion = 15.0.28307.489
MinimumVisualStudioVersion = 10.0.40219.1
Project("{FAE04EC0-301F-11D3-BF4B-00C04F79EFBC}") = "ChangeFeedFunction", "ChangeFeedFunction\ChangeFeedFunction.csproj", "{82556EAB-32D4-40A3-9217-BE74988FD3FD}"
EndProject
Global
	GlobalSection(SolutionConfigurationPlatforms) = preSolution
		Debug|Any CPU = Debug|Any CPU
		Release|Any CPU = Release|Any CPU
	EndGlobalSection
	GlobalSection(ProjectConfigurationPlatforms) = postSolution
		{82556EAB-32D4-40A3-9217-BE74988FD3FD}.Debug|Any CPU.ActiveCfg = Debug|Any CPU
		{82556EAB-32D4-40A3-9217-BE74988FD3FD}.Debug|Any CPU.Build.0 = Debug|Any CPU
		{82556EAB-32D4-40A3-9217-BE74988FD3FD}.Release|Any CPU.ActiveCfg = Release|Any CPU
		{82556EAB-32D4-40A3-9217-BE74988FD3FD}.Release|Any CPU.Build.0 = Release|Any CPU
	EndGlobalSection
	GlobalSection(SolutionProperties) = preSolution
		HideSolutionNode = FALSE
	EndGlobalSection
	GlobalSection(ExtensibilityGlobals) = postSolution
		SolutionGuid = {8CFAC632-7685-44F4-9862-5C2013BDDA8A}
	EndGlobalSection
EndGlobal
